
Microsoft Visual Studio Solution File, Format Version 12.00
# Visual Studio Version 17
VisualStudioVersion = 17.7.34024.191
MinimumVisualStudioVersion = 10.0.40219.1
Project("{FAE04EC0-301F-11D3-BF4B-00C04F79EFBC}") = "KTInterfase", "KTInterfase\KTInterfase.csproj", "{4FB5150D-78ED-4D48-92FB-F4ACF7DF428A}"
EndProject
Global
	GlobalSection(SolutionConfigurationPlatforms) = preSolution
		Debug|Any CPU = Debug|Any CPU
		Release|Any CPU = Release|Any CPU
	EndGlobalSection
	GlobalSection(ProjectConfigurationPlatforms) = postSolution
		{4FB5150D-78ED-4D48-92FB-F4ACF7DF428A}.Debug|Any CPU.ActiveCfg = Debug|Any CPU
		{4FB5150D-78ED-4D48-92FB-F4ACF7DF428A}.Debug|Any CPU.Build.0 = Debug|Any CPU
		{4FB5150D-78ED-4D48-92FB-F4ACF7DF428A}.Release|Any CPU.ActiveCfg = Release|Any CPU
		{4FB5150D-78ED-4D48-92FB-F4ACF7DF428A}.Release|Any CPU.Build.0 = Release|Any CPU
	EndGlobalSection
	GlobalSection(SolutionProperties) = preSolution
		HideSolutionNode = FALSE
	EndGlobalSection
	GlobalSection(ExtensibilityGlobals) = postSolution
		SolutionGuid = {9F6A6ADA-76FA-40D5-BC30-80406C701A1F}
	EndGlobalSection
EndGlobal
